github.com/chanced/jsonpointer v0.0.5 h1:N9SewxwFmdJ6QejrAhvPKjW42Olv383JeWk7PrDSd5o=
github.com/chanced/jsonpointer v0.0.5/go.mod h1:dw54fmixEiDkp4PqNO5579oBEkwCgjrDHS3cmR70SW0=
github.com/crhntr/jsonschema v0.0.0-dev.8 h1:FBtyA+mYM8UluEFAh7WENoZKRMsS5F1UK5cQTCLj7Q0=
github.com/crhntr/jsonschema v0.0.0-dev.8/go.mod h1:g/6IfOsk8HIXUCSD01WV237COelPBeAnRQsShw7BEI8=
github.com/davecgh/go-spew v1.1.0/go.mod h1:J7Y8YcW2NihsgmVo/mv3lAwl/skON4iLHjSsI+c5H38=
github.com/davecgh/go-spew v1.1.1 h1:vj9j/u1bqnvCEfJOwUhtlOARqs3+rkHYY13jYWTU97c=
github.com/davecgh/go-spew v1.1.1/go.mod h1:J7Y8YcW2NihsgmVo/mv3lAwl/skON4iLHjSsI+c5H38=
github.com/dolmen-go/jsonptr v1.0.2-0.20260916154834-a8c09d9edd79 h1:B0zgBVj2iZbB24YguSys9y/jjgMTtS7SM/f/jpXCxbA=
github.com/dolmen-go/jsonptr v1.0.2-0.20260916154834-a8c09d9edd79/go.mod h1:0Qoo4GC4UlwQHZdHbkdbfEXVdDTtFDzXQa99kb09NkA=
github.com/dustin/go-jsonpointer v0.0.0-20160814072949-ba0abeacc3dc h1:tP7tkU+vIsEOKiK+l/NSLN4uUtkyuxc6hgYpQeCWAeI=
github.com/dustin/go-jsonpointer v0.0.0-20160814072949-ba0abeacc3dc/go.mod h1:ORH5Qp2bskd9NzSfKqAF7tKfONsEkCarTE5ESr/RVBw=
github.com/dustin/gojson v0.0.0-20160307161227-2e71ec9dd5ad h1:Qk76DOWdOp+GlyDKBAG3Klr9cn7N+LcYc82AZ2S7+cA=
github.com/dustin/gojson v0.0.0-20160307161227-2e71ec9dd5ad/go.mod h1:mPKfmRa823oBIgl2r20LeMSpTAteW5j7FLkc0vjmzyQ=
github.com/go-openapi/jsonpointer v1.0.2-0.20260912054107-21093919a918 h1:5MeA9vt+tslsdAPD4rTrzAwlmpb3tLNJYwhkje3UcDM=
github.com/go-openapi/jsonpointer v1.0.2-0.20260912054107-21093919a918/go.mod h1:N0rI4MbNKD7xAFTiHtB+5Nhrg2j/wwYg7m7Fmb4/jk8=
github.com/go-openapi/testify/v2 v2.8.0 h1:19QDx5b57p8KjO2E4sgs/woL4Akp+FGLRlVm2xn0Rho=
github.com/go-openapi/testify/v2 v2.8.0/go.mod h1:4gUN8jC+RqOE2qjW/vDmfyTvl5BCht4qL7oca0odrak=
github.com/hashicorp/go-version v1.0.0/go.mod h1:fltr4n8CU8Ke44wwGCBoEymUuxUHl09ZGVZPK5anwXA=
github.com/json-validate/json-pointer-go v0.1.1-0.20190215082106-c4a48eafc06a h1:kuFo3U8qBu8sm4CVcrlGOjgGvXFWpUbw9yF5zZESsmM=
github.com/json-validate/json-pointer-go v0.1.1-0.20190215082106-c4a48eafc06a/go.mod h1:9UxgpOi+aisVXqQssqsCjXuEQB+DL8z8XkPfpTEsiLo=
github.com/lestrrat-go/jspointer v0.0.0-20181205001929-82fadba7561c h1:pGh5EFIfczeDHwgMHgfwjhZzL+8/E3uZF6T7vER/W8c=
github.com/lestrrat-go/jspointer v0.0.0-20181205001929-82fadba7561c/go.mod h1:xw2Gm4Mg+ST9s8fHR1VkUIyOJMJnSloRZlPQB+wyVpY=
github.com/lestrrat-go/structinfo v0.0.0-20190212233437-acd51874663b h1:YUFRoeHK/mvRjBR0bBRDC7ZGygYchoQ8j1xMENlObro=
github.com/lestrrat-go/structinfo v0.0.0-20190212233437-acd51874663b/go.mod h1:s2U6PowV3/Jobkx/S9d0XiPwOzs6niW3DIouw+7nZC8=
github.com/mickep76/jsonptr v0.0.0-20160513201615-36a99d961a6f h1:TnUpSmxEGR9lGAtGBBptF1j2rT1YBtXeNB/dnLr5YNg=
github.com/mickep76/jsonptr v0.0.0-20160513201615-36a99d961a6f/go.mod h1:0gVKAqjF4LihXeTjvlPc7ccdglT47rEO+FAwKVA+XLk=
github.com/mitchellh/gox v1.0.1/go.mod h1:ED6BioOGXMswlXa2zxfh/xdd5QhwYliBFn9V18Ap4z4=
github.com/mitchellh/iochan v1.0.0/go.mod h1:JwYml1nuB7xOzsp52dPpHFffvOCDupsG0QubkSMEySY=
github.com/oas3/json-pointer v0.0.0-20200930124016-49fc53ff2dad h1:mNDllZ25FoNOjXL10KBg4FJUUaNT0zpTPBzM/PMdVhA=
github.com/oas3/json-pointer v0.0.0-20200930124016-49fc53ff2dad/go.mod h1:GdX4U+lXqSmKkgBI51AMk4hGG43q/EExmQeYWgIWQeI=
github.com/pmezard/go-difflib v1.0.0 h1:4DBwDE0NGyQoBHbLQYPwSUPoCMWR5BEzIk/f1lZbAQM=
github.com/pmezard/go-difflib v1.0.0/go.mod h1:iKH77koFhYxTK1pcRnkKkqfTogsbg7gZNVY4sRDYZ/4=
github.com/qri-io/jsonpointer v0.1.1 h1:prVZBZLL6TW5vsSB9fFHFAMBLI4b0ri5vribQlTJiBA=
github.com/qri-io/jsonpointer v0.1.1/go.mod h1:DnJPaYgiKu56EuDp8TU5wFLdZIcAnb/uH9v37ZaMV64=
github.com/rnd42/go-jsonpointer v0.0.0-20140520035338-0480215403db h1:Ug0ysRQpfI+bQYuPXeIknWZLAQ9Trh75K20vG2Ry1Lw=
github.com/rnd42/go-jsonpointer v0.0.0-20140520035338-0480215403db/go.mod h1:L6fTQDE8ROasK8aBmd1dHwbX89WSEQpLd0ASF9fhtq8=
github.com/sanity-io/litter v1.5.1 h1:dwnrSypP6q56o3lFxTU+t2fwQ9A+U5qrXVO4Qg9KwVU=
github.com/sanity-io/litter v1.5.1/go.mod h1:5Z71SvaYy5kcGtyglXOC9rrUi3c1E8CamFWjQsazTh0=
github.com/stretchr/objx v0.1.0/go.mod h1:HFkY916IF+rwdDfMAkV7OtwuqBVzrE8GR6GFx+wExME=
github.com/stretchr/objx v0.4.0/go.mod h1:YvHI0jy2hoMjB+UWwv71VJQ9isScKT/TqJzVSSt89Yw=
github.com/stretchr/testify v1.7.1/go.mod h1:6Fq8oRcR53rry900zMqJjRRixrwX3KX962/h/Wwjteg=
github.com/stretchr/testify v1.8.0 h1:pSgiaMZlXftHpm5L7V1+rVB+AZJydKsMxsQBIJw4PKk=
github.com/stretchr/testify v1.8.0/go.mod h1:yNjHg4UonilssWZ8iaSj1OCr/vHnekPRkoO+kdMU+MU=
github.com/twindagger/jsonptr v0.0.0-20160712172833-43d90c41ec15 h1:JYdHu3WyyLGCT4oYnoFezoS3ggr6vDyaizLgUvv95Z8=
github.com/twindagger/jsonptr v0.0.0-20160712172833-43d90c41ec15/go.mod h1:81dTJinu6nx/Rsr1TXIqzjNqroEp+m5NE6OOtEnF7RE=
github.com/urfave/cli v1.20.0/go.mod h1:70zkFmudgCuE/ngEzBv17Jvp/497gISqfk5gWijbERA=
github.com/xeipuuv/gojsonpointer v0.0.0-20190905194746-02993c407bfb h1:zGWFAtiMcyryUHoUjUJX0/lt1H2+i2Ka2n+D3DImSNo=
github.com/xeipuuv/gojsonpointer v0.0.0-20190905194746-02993c407bfb/go.mod h1:N2zxlSyiKSe5eX1tZViRH5QA0qijqEDrYZiPEAiq3wU=
github.com/yukithm/json2csv v0.1.3-0.20201104031003-f824443f9c2e h1:nlRIGzX8RQ83YCpZusimboz/FEMBnkZUorLSLcvYrX0=
github.com/yukithm/json2csv v0.1.3-0.20201104031003-f824443f9c2e/go.mod h1:Ul6ZenFV94YeUm08AqppOd+/hB9JsmiU4KXPs9ZvgwQ=
golang.org/x/net v0.59.0 h1:5zfYln+w5XCxwrnMMJPufRgNoXEaGxl0wo5GqPXyues=
golang.org/x/net v0.59.0/go.mod h1:2DA/G1UfVbCpQPeWTmMPGY7Cs2PkBkwu743bVX5PIVg=
golang.org/x/text v0.42.0 h1:JbOZXgfeCPU9gacVtYliJqOhD+zhrEqK4LfdpmlUZqI=
golang.org/x/text v0.42.0/go.mod h1:ojzP1Z+2QtioaF8DTtO8K5q7JWVVYwZKenzujK0Zd0E=
gopkg.in/check.v1 v0.0.0-20161208181325-20d25e280405/go.mod h1:Co6ibVJAznAaIkqp8huTwlJQCZ016jof/cbN4VW5Yz0=
gopkg.in/yaml.v3 v3.0.0-20200313102051-9f266ea9e77c/go.mod h1:K4uyk7z7BCEPqu6E+C64Yfv1cQ7kz7rIZviUmN+EgEM=
gopkg.in/yaml.v3 v3.0.1 h1:fxVm/GzAzEWqLHuvctI91KS9hhNmmWOoWu0XTYJS7CA=
gopkg.in/yaml.v3 v3.0.1/go.mod h1:K4uyk7z7BCEPqu6E+C64Yfv1cQ7kz7rIZviUmN+EgEM=
