github.com/davecgh/go-spew v1.1.1 h1:vj9j/u1bqnvCEfJOwUhtlOARqs3+rkHYY13jYWTU97c=
github.com/davecgh/go-spew v1.1.1/go.mod h1:J7Y8YcW2NihsgmVo/mv3lAwl/skON4iLHjSsI+c5H38=
github.com/dolmen-go/jsonptr v0.0.0-20180826092722-ad143ce557ba h1:UiFgz2QxKC4+Z1UHe/deisvE4Slt0VcLHMoMTJqmx6E=
github.com/dolmen-go/jsonptr v0.0.0-20180826092722-ad143ce557ba/go.mod h1:GG6FAkYtUFD/rqS31kfcho/lSCed6Gqm1X0uiIEU0tA=
github.com/dustin/go-jsonpointer v0.0.0-20160814072949-ba0abeacc3dc h1:tP7tkU+vIsEOKiK+l/NSLN4uUtkyuxc6hgYpQeCWAeI=
github.com/dustin/go-jsonpointer v0.0.0-20160814072949-ba0abeacc3dc/go.mod h1:ORH5Qp2bskd9NzSfKqAF7tKfONsEkCarTE5ESr/RVBw=
github.com/dustin/gojson v0.0.0-20160307161227-2e71ec9dd5ad h1:Qk76DOWdOp+GlyDKBAG3Klr9cn7N+LcYc82AZ2S7+cA=
github.com/dustin/gojson v0.0.0-20160307161227-2e71ec9dd5ad/go.mod h1:mPKfmRa823oBIgl2r20LeMSpTAteW5j7FLkc0vjmzyQ=
github.com/json-validate/json-pointer-go v0.1.0 h1:XjX7fqU6NM28ggFCgGOxCtR5X/71OlyjiMiE5SC5EUA=
github.com/json-validate/json-pointer-go v0.1.0/go.mod h1:9UxgpOi+aisVXqQssqsCjXuEQB+DL8z8XkPfpTEsiLo=
github.com/lestrrat/go-jspointer v0.0.0-20180109105637-d5f7c71bfd03 h1:+1a38K3XJdc8NBD9Cthpfmuczps13Glj0UH8w2NC+D4=
github.com/lestrrat/go-jspointer v0.0.0-20180109105637-d5f7c71bfd03/go.mod h1:QNUDfTLPkT8YBZrQUlk2Ppk2KrQXIZlWIhqy+0jWKf4=
github.com/lestrrat/go-structinfo v0.0.0-20180223064246-8204d40bbcd7 h1:C0IND9Dt4F+mAu6xtVjWBFZ4PI5urCefGwhZMb94dT0=
github.com/lestrrat/go-structinfo v0.0.0-20180223064246-8204d40bbcd7/go.mod h1:pdNfYLzCLI1dJyJJlwBiSkWRje61vUNlw0NO5cakNRg=
github.com/mickep76/jsonptr v0.0.0-20160513201615-36a99d961a6f h1:TnUpSmxEGR9lGAtGBBptF1j2rT1YBtXeNB/dnLr5YNg=
github.com/mickep76/jsonptr v0.0.0-20160513201615-36a99d961a6f/go.mod h1:0gVKAqjF4LihXeTjvlPc7ccdglT47rEO+FAwKVA+XLk=
github.com/pmezard/go-difflib v1.0.0 h1:4DBwDE0NGyQoBHbLQYPwSUPoCMWR5BEzIk/f1lZbAQM=
github.com/pmezard/go-difflib v1.0.0/go.mod h1:iKH77koFhYxTK1pcRnkKkqfTogsbg7gZNVY4sRDYZ/4=
github.com/qri-io/jsonpointer v0.0.0-20180309164927-168dd9e45cf2 h1:C8RRfIlExwwrXw28G8LkrpWiHUVT4uLowfvjUYJ2Iec=
github.com/qri-io/jsonpointer v0.0.0-20180309164927-168dd9e45cf2/go.mod h1:DnJPaYgiKu56EuDp8TU5wFLdZIcAnb/uH9v37ZaMV64=
github.com/rnd42/go-jsonpointer v0.0.0-20140520035338-0480215403db h1:Ug0ysRQpfI+bQYuPXeIknWZLAQ9Trh75K20vG2Ry1Lw=
github.com/rnd42/go-jsonpointer v0.0.0-20140520035338-0480215403db/go.mod h1:L6fTQDE8ROasK8aBmd1dHwbX89WSEQpLd0ASF9fhtq8=
github.com/stretchr/testify v1.2.2 h1:bSDNvY7ZPG5RlJ8otE/7V6gMiyenm9RtJ7IUVIAoJ1w=
github.com/stretchr/testify v1.2.2/go.mod h1:a8OnRcib4nhh0OaRAV+Yts87kKdq0PP7pXfy6kDkUVs=
github.com/twindagger/jsonptr v0.0.0-20160712172833-43d90c41ec15 h1:JYdHu3WyyLGCT4oYnoFezoS3ggr6vDyaizLgUvv95Z8=
github.com/twindagger/jsonptr v0.0.0-20160712172833-43d90c41ec15/go.mod h1:81dTJinu6nx/Rsr1TXIqzjNqroEp+m5NE6OOtEnF7RE=
github.com/xeipuuv/gojsonpointer v0.0.0-20180127040702-4e3ac2762d5f h1:J9EGpcZtP0E/raorCMxlFGSTBrsSlaDGf3jU/qvAE2c=
github.com/xeipuuv/gojsonpointer v0.0.0-20180127040702-4e3ac2762d5f/go.mod h1:N2zxlSyiKSe5eX1tZViRH5QA0qijqEDrYZiPEAiq3wU=
