# This file is autogenerated, do not edit; changes may be undone by the next 'dep ensure'.


[[projects]]
  branch = "master"
  name = "github.com/dolmen-go/jsonptr"
  packages = ["."]
  revision = "1c352ec474fc378d7dfa4115433ef13d0276b526"

[[projects]]
  branch = "master"
  name = "github.com/dustin/go-jsonpointer"
  packages = ["."]
  revision = "ba0abeacc3dcca5b9b20f31509c46794edbc9965"

[[projects]]
  branch = "master"
  name = "github.com/dustin/gojson"
  packages = ["."]
  revision = "2e71ec9dd5adce3b168cd0dbde03b5cc04951c30"

[[projects]]
  branch = "master"
  name = "github.com/lestrrat/go-jspointer"
  packages = ["."]
  revision = "d5f7c71bfd03c8e9489a636874cd106c22d3a47c"

[[projects]]
  branch = "master"
  name = "github.com/lestrrat/go-structinfo"
  packages = ["."]
  revision = "8204d40bbcd79eb7603cd4c2c998e60eb2479ded"

[[projects]]
  branch = "master"
  name = "github.com/mickep76/jsonptr"
  packages = ["."]
  revision = "36a99d961a6f7387de3e13b13981ccf35ea2224a"

[[projects]]
  branch = "master"
  name = "github.com/rnd42/go-jsonpointer"
  packages = ["."]
  revision = "0480215403db768c5bf6db30d82908043c58422c"

[[projects]]
  branch = "master"
  name = "github.com/twindagger/jsonptr"
  packages = ["."]
  revision = "43d90c41ec1539905d524576a4fc5c3b46386a1d"

[[projects]]
  branch = "master"
  name = "github.com/xeipuuv/gojsonpointer"
  packages = ["."]
  revision = "4e3ac2762d5f479393488629ee9370b50873b3a6"

[solve-meta]
  analyzer-name = "dep"
  analyzer-version = 1
  inputs-digest = "9cd3f84cf2267fbab260858e48ea1fb45a29ad4433a7d925cdc5e631bfbabc1b"
  solver-name = "gps-cdcl"
  solver-version = 1
