# This file is autogenerated, do not edit; changes may be undone by the next 'dep ensure'.


[[projects]]
  branch = "master"
  digest = "1:17cd0de2dc45ff1a5c3a9fe784a885b0a8e919638aa971ca36a974ce94d9e361"
  name = "github.com/dolmen-go/jsonptr"
  packages = ["."]
  pruneopts = "UT"
  revision = "14b4a0692fe479d7c90fd261eea20bf1aa6310d0"

[[projects]]
  branch = "master"
  digest = "1:efe7dc6d12119a36c1a617b574e99ac9c5ca8fbff57eb283a60462552b7c782a"
  name = "github.com/dustin/go-jsonpointer"
  packages = ["."]
  pruneopts = "UT"
  revision = "ba0abeacc3dcca5b9b20f31509c46794edbc9965"

[[projects]]
  branch = "master"
  digest = "1:07263fbfa1c038e890b410f730279aa7adc217180f1c2f78c6dc80b3bbe9e819"
  name = "github.com/dustin/gojson"
  packages = ["."]
  pruneopts = "UT"
  revision = "2e71ec9dd5adce3b168cd0dbde03b5cc04951c30"

[[projects]]
  digest = "1:cc836ad7f14d580a309c931e4f2d56b3bb326bb2805bfaa61f0e9b4295e42a99"
  name = "github.com/json-validate/json-pointer-go"
  packages = ["."]
  pruneopts = "UT"
  revision = "3eced830a491bc62c47c1283c67ddff3aae819da"
  version = "v0.1.0"

[[projects]]
  branch = "master"
  digest = "1:638bbbd3c83cf30031534203fd3d0ebe4438e2183c02628721048505255ad9c6"
  name = "github.com/lestrrat-go/structinfo"
  packages = ["."]
  pruneopts = "UT"
  revision = "acd51874663bf3297433cb1f1015075c3cbe6130"

[[projects]]
  branch = "master"
  digest = "1:c8774ee18997a3b88e6e074cf92e71bb6ded2ac4d585bd60e0d89fc8d1b2ddfb"
  name = "github.com/lestrrat/go-jspointer"
  packages = ["."]
  pruneopts = "UT"
  revision = "82fadba7561c3a8d78133c2b957263c0963bb79d"

[[projects]]
  branch = "master"
  digest = "1:a14b2525870ee7529f84c2032e6f3dc6e0c305d0f6749f9ac404737aa3090df3"
  name = "github.com/mickep76/jsonptr"
  packages = ["."]
  pruneopts = "UT"
  revision = "36a99d961a6f7387de3e13b13981ccf35ea2224a"

[[projects]]
  branch = "master"
  digest = "1:40976dfe28f88c4314e8d85b24caf301350ec99f9895dd4f05a58baa10d676e0"
  name = "github.com/qri-io/jsonpointer"
  packages = ["."]
  pruneopts = "UT"
  revision = "7f104febd1fd06f0be39bd04c2ea5857fee69f1f"

[[projects]]
  branch = "master"
  digest = "1:373dc2e52003bdf0c9397468da739afec5ef3bd8c697cafae8f18010b9c78099"
  name = "github.com/rnd42/go-jsonpointer"
  packages = ["."]
  pruneopts = "UT"
  revision = "0480215403db768c5bf6db30d82908043c58422c"

[[projects]]
  branch = "master"
  digest = "1:86c6cf17bdab7c8a2d5f74428da3593915ee2899fb1a3e1d7d7e33564553a665"
  name = "github.com/twindagger/jsonptr"
  packages = ["."]
  pruneopts = "UT"
  revision = "43d90c41ec1539905d524576a4fc5c3b46386a1d"

[[projects]]
  branch = "master"
  digest = "1:f4e5276a3b356f4692107047fd2890f2fe534f4feeb6b1fd2f6dfbd87f1ccf54"
  name = "github.com/xeipuuv/gojsonpointer"
  packages = ["."]
  pruneopts = "UT"
  revision = "4e3ac2762d5f479393488629ee9370b50873b3a6"

[solve-meta]
  analyzer-name = "dep"
  analyzer-version = 1
  input-imports = [
    "github.com/dolmen-go/jsonptr",
    "github.com/dustin/go-jsonpointer",
    "github.com/json-validate/json-pointer-go",
    "github.com/lestrrat/go-jspointer",
    "github.com/mickep76/jsonptr",
    "github.com/qri-io/jsonpointer",
    "github.com/rnd42/go-jsonpointer",
    "github.com/twindagger/jsonptr",
    "github.com/xeipuuv/gojsonpointer",
  ]
  solver-name = "gps-cdcl"
  solver-version = 1
